
Microsoft Visual Studio Solution File, Format Version 12.00
# Visual Studio 14
VisualStudioVersion = 14.0.23107.0
MinimumVisualStudioVersion = 10.0.40219.1
Project("{8BC9CEB8-8B4A-11D0-8D11-00A0C91BC942}") = "SecuritySample_PDF-R", "SecuritySample_PDF-R\SecuritySample_PDF-R.vcxproj", "{C4F273F5-8197-4CDF-9DE5-5CCE9986A3F4}"
EndProject
Global
	GlobalSection(SolutionConfigurationPlatforms) = preSolution
		Debug|x86 = Debug|x86
		Release|x86 = Release|x86
	EndGlobalSection
	GlobalSection(ProjectConfigurationPlatforms) = postSolution
		{C4F273F5-8197-4CDF-9DE5-5CCE9986A3F4}.Debug|x86.ActiveCfg = Debug|Win32
		{C4F273F5-8197-4CDF-9DE5-5CCE9986A3F4}.Debug|x86.Build.0 = Debug|Win32
		{C4F273F5-8197-4CDF-9DE5-5CCE9986A3F4}.Release|x86.ActiveCfg = Release|Win32
		{C4F273F5-8197-4CDF-9DE5-5CCE9986A3F4}.Release|x86.Build.0 = Release|Win32
	EndGlobalSection
	GlobalSection(SolutionProperties) = preSolution
		HideSolutionNode = FALSE
	EndGlobalSection
EndGlobal
